// !$*UTF8*$!
{
	archiveVersion = 1;
	classes = {
	};
	objectVersion = 51;
	objects = {

/* Begin PBXBuildFile section */
		F429B73E2441E09400C476C0 /* ImageService.swift in Sources */ = {isa = PBXBuildFile; fileRef = F429B73D2441E09400C476C0 /* ImageService.swift */; };
		F4C2E5622441D0E000E03145 /* AppDelegate.swift in Sources */ = {isa = PBXBuildFile; fileRef = F4C2E5612441D0E000E03145 /* AppDelegate.swift */; };
		F4C2E5642441D0E000E03145 /* SceneDelegate.swift in Sources */ = {isa = PBXBuildFile; fileRef = F4C2E5632441D0E000E03145 /* SceneDelegate.swift */; };
		F4C2E5662441D0E000E03145 /* ViewController.swift in Sources */ = {isa = PBXBuildFile; fileRef = F4C2E5652441D0E000E03145 /* ViewController.swift */; };
		F4C2E5692441D0E000E03145 /* Main.storyboard in Resources */ = {isa = PBXBuildFile; fileRef = F4C2E5672441D0E000E03145 /* Main.storyboard */; };
		F4C2E56B2441D0E300E03145 /* Assets.xcassets in Resources */ = {isa = PBXBuildFile; fileRef = F4C2E56A2441D0E300E03145 /* Assets.xcassets */; };
		F4C2E56E2441D0E300E03145 /* LaunchScreen.storyboard in Resources */ = {isa = PBXBuildFile; fileRef = F4C2E56C2441D0E300E03145 /* LaunchScreen.storyboard */; };
		F4C2E5762441D73500E03145 /* PhotoCollectionViewCell.swift in Sources */ = {isa = PBXBuildFile; fileRef = F4C2E5752441D73500E03145 /* PhotoCollectionViewCell.swift */; };
		FF4BFAF63B892706155D39E9 /* Pods_Images.framework in Frameworks */ = {isa = PBXBuildFile; fileRef = 7F9B6A0D9D0778EC516C1287 /* Pods_Images.framework */; };
/* End PBXBuildFile section */

/* Begin PBXFileReference section */
		5DEA8FB426C95740A75D1C40 /* Pods-Images.release.xcconfig */ = {isa = PBXFileReference; includeInIndex = 1; lastKnownFileType = text.xcconfig; name = "Pods-Images.release.xcconfig"; path = "Target Support Files/Pods-Images/Pods-Images.release.xcconfig"; sourceTree = "<group>"; };
		6E06B3018EF3F86F6F3E91DC /* Pods-Images.debug.xcconfig */ = {isa = PBXFileReference; includeInIndex = 1; lastKnownFileType = text.xcconfig; name = "Pods-Images.debug.xcconfig"; path = "Target Support Files/Pods-Images/Pods-Images.debug.xcconfig"; sourceTree = "<group>"; };
		7F9B6A0D9D0778EC516C1287 /* Pods_Images.framework */ = {isa = PBXFileReference; explicitFileType = wrapper.framework; includeInIndex = 0; path = Pods_Images.framework; sourceTree = BUILT_PRODUCTS_DIR; };
		F429B73D2441E09400C476C0 /* ImageService.swift */ = {isa = PBXFileReference; lastKnownFileType = sourcecode.swift; path = ImageService.swift; sourceTree = "<group>"; };
		F4C2E55E2441D0E000E03145 /* Images.app */ = {isa = PBXFileReference; explicitFileType = wrapper.application; includeInIndex = 0; path = Images.app; sourceTree = BUILT_PRODUCTS_DIR; };
		F4C2E5612441D0E000E03145 /* AppDelegate.swift */ = {isa = PBXFileReference; lastKnownFileType = sourcecode.swift; path = AppDelegate.swift; sourceTree = "<group>"; };
		F4C2E5632441D0E000E03145 /* SceneDelegate.swift */ = {isa = PBXFileReference; lastKnownFileType = sourcecode.swift; path = SceneDelegate.swift; sourceTree = "<group>"; };
		F4C2E5652441D0E000E03145 /* ViewController.swift */ = {isa = PBXFileReference; lastKnownFileType = sourcecode.swift; path = ViewController.swift; sourceTree = "<group>"; };
		F4C2E5682441D0E000E03145 /* Base */ = {isa = PBXFileReference; lastKnownFileType = file.storyboard; name = Base; path = Base.lproj/Main.storyboard; sourceTree = "<group>"; };
		F4C2E56A2441D0E300E03145 /* Assets.xcassets */ = {isa = PBXFileReference; lastKnownFileType = folder.assetcatalog; path = Assets.xcassets; sourceTree = "<group>"; };
		F4C2E56D2441D0E300E03145 /* Base */ = {isa = PBXFileReference; lastKnownFileType = file.storyboard; name = Base; path = Base.lproj/LaunchScreen.storyboard; sourceTree = "<group>"; };
		F4C2E56F2441D0E300E03145 /* Info.plist */ = {isa = PBXFileReference; lastKnownFileType = text.plist.xml; path = Info.plist; sourceTree = "<group>"; };
		F4C2E5752441D73500E03145 /* PhotoCollectionViewCell.swift */ = {isa = PBXFileReference; lastKnownFileType = sourcecode.swift; path = PhotoCollectionViewCell.swift; sourceTree = "<group>"; };
/* End PBXFileReference section */

/* Begin PBXFrameworksBuildPhase section */
		F4C2E55B2441D0E000E03145 /* Frameworks */ = {
			isa = PBXFrameworksBuildPhase;
			buildActionMask = 2147483647;
			files = (
				FF4BFAF63B892706155D39E9 /* Pods_Images.framework in Frameworks */,
			);
			runOnlyForDeploymentPostprocessing = 0;
		};
/* End PBXFrameworksBuildPhase section */

/* Begin PBXGroup section */
		9C804175640A7AA526A243A4 /* Pods */ = {
			isa = PBXGroup;
			children = (
				6E06B3018EF3F86F6F3E91DC /* Pods-Images.debug.xcconfig */,
				5DEA8FB426C95740A75D1C40 /* Pods-Images.release.xcconfig */,
			);
			path = Pods;
			sourceTree = "<group>";
		};
		9CA1718C384CF4EB3190557A /* Frameworks */ = {
			isa = PBXGroup;
			children = (
				7F9B6A0D9D0778EC516C1287 /* Pods_Images.framework */,
			);
			name = Frameworks;
			sourceTree = "<group>";
		};
		F4C2E5552441D0E000E03145 = {
			isa = PBXGroup;
			children = (
				F4C2E5602441D0E000E03145 /* Images */,
				F4C2E55F2441D0E000E03145 /* Products */,
				9C804175640A7AA526A243A4 /* Pods */,
				9CA1718C384CF4EB3190557A /* Frameworks */,
			);
			sourceTree = "<group>";
		};
		F4C2E55F2441D0E000E03145 /* Products */ = {
			isa = PBXGroup;
			children = (
				F4C2E55E2441D0E000E03145 /* Images.app */,
			);
			name = Products;
			sourceTree = "<group>";
		};
		F4C2E5602441D0E000E03145 /* Images */ = {
			isa = PBXGroup;
			children = (
				F4C2E5612441D0E000E03145 /* AppDelegate.swift */,
				F4C2E5632441D0E000E03145 /* SceneDelegate.swift */,
				F4C2E5652441D0E000E03145 /* ViewController.swift */,
				F4C2E5672441D0E000E03145 /* Main.storyboard */,
				F4C2E56A2441D0E300E03145 /* Assets.xcassets */,
				F4C2E56C2441D0E300E03145 /* LaunchScreen.storyboard */,
				F4C2E56F2441D0E300E03145 /* Info.plist */,
				F4C2E5752441D73500E03145 /* PhotoCollectionViewCell.swift */,
				F429B73D2441E09400C476C0 /* ImageService.swift */,
			);
			path = Images;
			sourceTree = "<group>";
		};
/* End PBXGroup section */

/* Begin PBXNativeTarget section */
		F4C2E55D2441D0E000E03145 /* Images */ = {
			isa = PBXNativeTarget;
			buildConfigurationList = F4C2E5722441D0E300E03145 /* Build configuration list for PBXNativeTarget "Images" */;
			buildPhases = (
				F23827270EE4A6B0EBF1D142 /* [CP] Check Pods Manifest.lock */,
				F4C2E55A2441D0E000E03145 /* Sources */,
				F4C2E55B2441D0E000E03145 /* Frameworks */,
				F4C2E55C2441D0E000E03145 /* Resources */,
				61BCDB8B6DA376AD6DBA9887 /* [CP] Embed Pods Frameworks */,
			);
			buildRules = (
			);
			dependencies = (
			);
			name = Images;
			productName = Images;
			productReference = F4C2E55E2441D0E000E03145 /* Images.app */;
			productType = "com.apple.product-type.application";
		};
/* End PBXNativeTarget section */

/* Begin PBXProject section */
		F4C2E5562441D0E000E03145 /* Project object */ = {
			isa = PBXProject;
			attributes = {
				LastSwiftUpdateCheck = 1130;
				LastUpgradeCheck = 1130;
				ORGANIZATIONNAME = kbtu;
				TargetAttributes = {
					F4C2E55D2441D0E000E03145 = {
						CreatedOnToolsVersion = 11.3.1;
					};
				};
			};
			buildConfigurationList = F4C2E5592441D0E000E03145 /* Build configuration list for PBXProject "Images" */;
			compatibilityVersion = "Xcode 9.3";
			developmentRegion = en;
			hasScannedForEncodings = 0;
			knownRegions = (
				en,
				Base,
			);
			mainGroup = F4C2E5552441D0E000E03145;
			productRefGroup = F4C2E55F2441D0E000E03145 /* Products */;
			projectDirPath = "";
			projectRoot = "";
			targets = (
				F4C2E55D2441D0E000E03145 /* Images */,
			);
		};
/* End PBXProject section */

/* Begin PBXResourcesBuildPhase section */
		F4C2E55C2441D0E000E03145 /* Resources */ = {
			isa = PBXResourcesBuildPhase;
			buildActionMask = 2147483647;
			files = (
				F4C2E56E2441D0E300E03145 /* LaunchScreen.storyboard in Resources */,
				F4C2E56B2441D0E300E03145 /* Assets.xcassets in Resources */,
				F4C2E5692441D0E000E03145 /* Main.storyboard in Resources */,
			);
			runOnlyForDeploymentPostprocessing = 0;
		};
/* End PBXResourcesBuildPhase section */

/* Begin PBXShellScriptBuildPhase section */
		61BCDB8B6DA376AD6DBA9887 /* [CP] Embed Pods Frameworks */ = {
			isa = PBXShellScriptBuildPhase;
			buildActionMask = 2147483647;
			files = (
			);
			inputFileListPaths = (
				"${PODS_ROOT}/Target Support Files/Pods-Images/Pods-Images-frameworks-${CONFIGURATION}-input-files.xcfilelist",
			);
			name = "[CP] Embed Pods Frameworks";
			outputFileListPaths = (
				"${PODS_ROOT}/Target Support Files/Pods-Images/Pods-Images-frameworks-${CONFIGURATION}-output-files.xcfilelist",
			);
			runOnlyForDeploymentPostprocessing = 0;
			shellPath = /bin/sh;
			shellScript = "\"${PODS_ROOT}/Target Support Files/Pods-Images/Pods-Images-frameworks.sh\"\n";
			showEnvVarsInLog = 0;
		};
		F23827270EE4A6B0EBF1D142 /* [CP] Check Pods Manifest.lock */ = {
			isa = PBXShellScriptBuildPhase;
			buildActionMask = 2147483647;
			files = (
			);
			inputFileListPaths = (
			);
			inputPaths = (
				"${PODS_PODFILE_DIR_PATH}/Podfile.lock",
				"${PODS_ROOT}/Manifest.lock",
			);
			name = "[CP] Check Pods Manifest.lock";
			outputFileListPaths = (
			);
			outputPaths = (
				"$(DERIVED_FILE_DIR)/Pods-Images-checkManifestLockResult.txt",
			);
			runOnlyForDeploymentPostprocessing = 0;
			shellPath = /bin/sh;
			shellScript = "diff \"${PODS_PODFILE_DIR_PATH}/Podfile.lock\" \"${PODS_ROOT}/Manifest.lock\" > /dev/null\nif [ $? != 0 ] ; then\n    # print error to STDERR\n    echo \"error: The sandbox is not in sync with the Podfile.lock. Run 'pod install' or update your CocoaPods installation.\" >&2\n    exit 1\nfi\n# This output is used by Xcode 'outputs' to avoid re-running this script phase.\necho \"SUCCESS\" > \"${SCRIPT_OUTPUT_FILE_0}\"\n";
			showEnvVarsInLog = 0;
		};
/* End PBXShellScriptBuildPhase section */

/* Begin PBXSourcesBuildPhase section */
		F4C2E55A2441D0E000E03145 /* Sources */ = {
			isa = PBXSourcesBuildPhase;
			buildActionMask = 2147483647;
			files = (
				F4C2E5662441D0E000E03145 /* ViewController.swift in Sources */,
				F4C2E5762441D73500E03145 /* PhotoCollectionViewCell.swift in Sources */,
				F4C2E5622441D0E000E03145 /* AppDelegate.swift in Sources */,
				F429B73E2441E09400C476C0 /* ImageService.swift in Sources */,
				F4C2E5642441D0E000E03145 /* SceneDelegate.swift in Sources */,
			);
			runOnlyForDeploymentPostprocessing = 0;
		};
/* End PBXSourcesBuildPhase section */

/* Begin PBXVariantGroup section */
		F4C2E5672441D0E000E03145 /* Main.storyboard */ = {
			isa = PBXVariantGroup;
			children = (
				F4C2E5682441D0E000E03145 /* Base */,
			);
			name = Main.storyboard;
			sourceTree = "<group>";
		};
		F4C2E56C2441D0E300E03145 /* LaunchScreen.storyboard */ = {
			isa = PBXVariantGroup;
			children = (
				F4C2E56D2441D0E300E03145 /* Base */,
			);
			name = LaunchScreen.storyboard;
			sourceTree = "<group>";
		};
/* End PBXVariantGroup section */

/* Begin XCBuildConfiguration section */
		F4C2E5702441D0E300E03145 /* Debug */ = {
			isa = XCBuildConfiguration;
			buildSettings = {
				ALWAYS_SEARCH_USER_PATHS = NO;
				CLANG_ANALYZER_NONNULL = YES;
				CLANG_ANALYZER_NUMBER_OBJECT_CONVERSION = YES_AGGRESSIVE;
				CLANG_CXX_LANGUAGE_STANDARD = "gnu++14";
				CLANG_CXX_LIBRARY = "libc++";
				CLANG_ENABLE_MODULES = YES;
				CLANG_ENABLE_OBJC_ARC = YES;
				CLANG_ENABLE_OBJC_WEAK = YES;
				CLANG_WARN_BLOCK_CAPTURE_AUTORELEASING = YES;
				CLANG_WARN_BOOL_CONVERSION = YES;
				CLANG_WARN_COMMA = YES;
				CLANG_WARN_CONSTANT_CONVERSION = YES;
				CLANG_WARN_DEPRECATED_OBJC_IMPLEMENTATIONS = YES;
				CLANG_WARN_DIRECT_OBJC_ISA_USAGE = YES_ERROR;
				CLANG_WARN_DOCUMENTATION_COMMENTS = YES;
				CLANG_WARN_EMPTY_BODY = YES;
				CLANG_WARN_ENUM_CONVERSION = YES;
				CLANG_WARN_INFINITE_RECURSION = YES;
				CLANG_WARN_INT_CONVERSION = YES;
				CLANG_WARN_NON_LITERAL_NULL_CONVERSION = YES;
				CLANG_WARN_OBJC_IMPLICIT_RETAIN_SELF = YES;
				CLANG_WARN_OBJC_LITERAL_CONVERSION = YES;
				CLANG_WARN_OBJC_ROOT_CLASS = YES_ERROR;
				CLANG_WARN_RANGE_LOOP_ANALYSIS = YES;
				CLANG_WARN_STRICT_PROTOTYPES = YES;
				CLANG_WARN_SUSPICIOUS_MOVE = YES;
				CLANG_WARN_UNGUARDED_AVAILABILITY = YES_AGGRESSIVE;
				CLANG_WARN_UNREACHABLE_CODE = YES;
				CLANG_WARN__DUPLICATE_METHOD_MATCH = YES;
				COPY_PHASE_STRIP = NO;
				DEBUG_INFORMATION_FORMAT = dwarf;
				ENABLE_STRICT_OBJC_MSGSEND = YES;
				ENABLE_TESTABILITY = YES;
				GCC_C_LANGUAGE_STANDARD = gnu11;
				GCC_DYNAMIC_NO_PIC = NO;
				GCC_NO_COMMON_BLOCKS = YES;
				GCC_OPTIMIZATION_LEVEL = 0;
				GCC_PREPROCESSOR_DEFINITIONS = (
					"DEBUG=1",
					"$(inherited)",
				);
				GCC_WARN_64_TO_32_BIT_CONVERSION = YES;
				GCC_WARN_ABOUT_RETURN_TYPE = YES_ERROR;
				GCC_WARN_UNDECLARED_SELECTOR = YES;
				GCC_WARN_UNINITIALIZED_AUTOS = YES_AGGRESSIVE;
				GCC_WARN_UNUSED_FUNCTION = YES;
				GCC_WARN_UNUSED_VARIABLE = YES;
				IPHONEOS_DEPLOYMENT_TARGET = 13.2;
				MTL_ENABLE_DEBUG_INFO = INCLUDE_SOURCE;
				MTL_FAST_MATH = YES;
				ONLY_ACTIVE_ARCH = YES;
				SDKROOT = iphoneos;
				SWIFT_ACTIVE_COMPILATION_CONDITIONS = DEBUG;
				SWIFT_OPTIMIZATION_LEVEL = "-Onone";
			};
			name = Debug;
		};
		F4C2E5712441D0E300E03145 /* Release */ = {
			isa = XCBuildConfiguration;
			buildSettings = {
				ALWAYS_SEARCH_USER_PATHS = NO;
				CLANG_ANALYZER_NONNULL = YES;
				CLANG_ANALYZER_NUMBER_OBJECT_CONVERSION = YES_AGGRESSIVE;
				CLANG_CXX_LANGUAGE_STANDARD = "gnu++14";
				CLANG_CXX_LIBRARY = "libc++";
				CLANG_ENABLE_MODULES = YES;
				CLANG_ENABLE_OBJC_ARC = YES;
				CLANG_ENABLE_OBJC_WEAK = YES;
				CLANG_WARN_BLOCK_CAPTURE_AUTORELEASING = YES;
				CLANG_WARN_BOOL_CONVERSION = YES;
				CLANG_WARN_COMMA = YES;
				CLANG_WARN_CONSTANT_CONVERSION = YES;
				CLANG_WARN_DEPRECATED_OBJC_IMPLEMENTATIONS = YES;
				CLANG_WARN_DIRECT_OBJC_ISA_USAGE = YES_ERROR;
				CLANG_WARN_DOCUMENTATION_COMMENTS = YES;
				CLANG_WARN_EMPTY_BODY = YES;
				CLANG_WARN_ENUM_CONVERSION = YES;
				CLANG_WARN_INFINITE_RECURSION = YES;
				CLANG_WARN_INT_CONVERSION = YES;
				CLANG_WARN_NON_LITERAL_NULL_CONVERSION = YES;
				CLANG_WARN_OBJC_IMPLICIT_RETAIN_SELF = YES;
				CLANG_WARN_OBJC_LITERAL_CONVERSION = YES;
				CLANG_WARN_OBJC_ROOT_CLASS = YES_ERROR;
				CLANG_WARN_RANGE_LOOP_ANALYSIS = YES;
				CLANG_WARN_STRICT_PROTOTYPES = YES;
				CLANG_WARN_SUSPICIOUS_MOVE = YES;
				CLANG_WARN_UNGUARDED_AVAILABILITY = YES_AGGRESSIVE;
				CLANG_WARN_UNREACHABLE_CODE = YES;
				CLANG_WARN__DUPLICATE_METHOD_MATCH = YES;
				COPY_PHASE_STRIP = NO;
				DEBUG_INFORMATION_FORMAT = "dwarf-with-dsym";
				ENABLE_NS_ASSERTIONS = NO;
				ENABLE_STRICT_OBJC_MSGSEND = YES;
				GCC_C_LANGUAGE_STANDARD = gnu11;
				GCC_NO_COMMON_BLOCKS = YES;
				GCC_WARN_64_TO_32_BIT_CONVERSION = YES;
				GCC_WARN_ABOUT_RETURN_TYPE = YES_ERROR;
				GCC_WARN_UNDECLARED_SELECTOR = YES;
				GCC_WARN_UNINITIALIZED_AUTOS = YES_AGGRESSIVE;
				GCC_WARN_UNUSED_FUNCTION = YES;
				GCC_WARN_UNUSED_VARIABLE = YES;
				IPHONEOS_DEPLOYMENT_TARGET = 13.2;
				MTL_ENABLE_DEBUG_INFO = NO;
				MTL_FAST_MATH = YES;
				SDKROOT = iphoneos;
				SWIFT_COMPILATION_MODE = wholemodule;
				SWIFT_OPTIMIZATION_LEVEL = "-O";
				VALIDATE_PRODUCT = YES;
			};
			name = Release;
		};
		F4C2E5732441D0E300E03145 /* Debug */ = {
			isa = XCBuildConfiguration;
			baseConfigurationReference = 6E06B3018EF3F86F6F3E91DC /* Pods-Images.debug.xcconfig */;
			buildSettings = {
				ASSETCATALOG_COMPILER_APPICON_NAME = AppIcon;
				CODE_SIGN_STYLE = Automatic;
				DEVELOPMENT_TEAM = V5K3278ZBC;
				INFOPLIST_FILE = Images/Info.plist;
				LD_RUNPATH_SEARCH_PATHS = (
					"$(inherited)",
					"@executable_path/Frameworks",
				);
				PRODUCT_BUNDLE_IDENTIFIER = edu.kbtu.Images;
				PRODUCT_NAME = "$(TARGET_NAME)";
				SWIFT_VERSION = 5.0;
				TARGETED_DEVICE_FAMILY = "1,2";
			};
			name = Debug;
		};
		F4C2E5742441D0E300E03145 /* Release */ = {
			isa = XCBuildConfiguration;
			baseConfigurationReference = 5DEA8FB426C95740A75D1C40 /* Pods-Images.release.xcconfig */;
			buildSettings = {
				ASSETCATALOG_COMPILER_APPICON_NAME = AppIcon;
				CODE_SIGN_STYLE = Automatic;
				DEVELOPMENT_TEAM = V5K3278ZBC;
				INFOPLIST_FILE = Images/Info.plist;
				LD_RUNPATH_SEARCH_PATHS = (
					"$(inherited)",
					"@executable_path/Frameworks",
				);
				PRODUCT_BUNDLE_IDENTIFIER = edu.kbtu.Images;
				PRODUCT_NAME = "$(TARGET_NAME)";
				SWIFT_VERSION = 5.0;
				TARGETED_DEVICE_FAMILY = "1,2";
			};
			name = Release;
		};
/* End XCBuildConfiguration section */

/* Begin XCConfigurationList section */
		F4C2E5592441D0E000E03145 /* Build configuration list for PBXProject "Images" */ = {
			isa = XCConfigurationList;
			buildConfigurations = (
				F4C2E5702441D0E300E03145 /* Debug */,
				F4C2E5712441D0E300E03145 /* Release */,
			);
			defaultConfigurationIsVisible = 0;
			defaultConfigurationName = Release;
		};
		F4C2E5722441D0E300E03145 /* Build configuration list for PBXNativeTarget "Images" */ = {
			isa = XCConfigurationList;
			buildConfigurations = (
				F4C2E5732441D0E300E03145 /* Debug */,
				F4C2E5742441D0E300E03145 /* Release */,
			);
			defaultConfigurationIsVisible = 0;
			defaultConfigurationName = Release;
		};
/* End XCConfigurationList section */
	};
	rootObject = F4C2E5562441D0E000E03145 /* Project object */;
}
